Microsoft Visual Studio Solution File, Format Version 12.00
# Visual Studio Version 17
VisualStudioVersion = 17.5.2.0
MinimumVisualStudioVersion = 10.0.40219.1
Project("{FAE04EC0-301F-11D3-BF4B-00C04F79EFBC}") = "layoutsample", "layoutsample.csproj", "{B755E38D-DBDA-E613-78F0-2510194635A6}"
EndProject
Global
	GlobalSection(SolutionConfigurationPlatforms) = preSolution
		Debug|Any CPU = Debug|Any CPU
		Release|Any CPU = Release|Any CPU
	EndGlobalSection
	GlobalSection(ProjectConfigurationPlatforms) = postSolution
		{B755E38D-DBDA-E613-78F0-2510194635A6}.Debug|Any CPU.ActiveCfg = Debug|Any CPU
		{B755E38D-DBDA-E613-78F0-2510194635A6}.Debug|Any CPU.Build.0 = Debug|Any CPU
		{B755E38D-DBDA-E613-78F0-2510194635A6}.Release|Any CPU.ActiveCfg = Release|Any CPU
		{B755E38D-DBDA-E613-78F0-2510194635A6}.Release|Any CPU.Build.0 = Release|Any CPU
	EndGlobalSection
	GlobalSection(SolutionProperties) = preSolution
		HideSolutionNode = FALSE
	EndGlobalSection
	GlobalSection(ExtensibilityGlobals) = postSolution
		SolutionGuid = {B9E06B7E-6183-43F5-9FAB-7BCF392B57E0}
	EndGlobalSection
EndGlobal
