
Microsoft Visual Studio Solution File, Format Version 12.00
# Visual Studio Version 17
VisualStudioVersion = 17.14.36623.8 d17.14
MinimumVisualStudioVersion = 10.0.40219.1
Project("{FAE04EC0-301F-11D3-BF4B-00C04F79EFBC}") = "WindowsSystems", "WindowsSystems\WindowsSystems.csproj", "{CDB05E10-6C6D-440D-9067-957BEFBD9B98}"
EndProject
Global
	GlobalSection(SolutionConfigurationPlatforms) = preSolution
		Debug|Any CPU = Debug|Any CPU
		Release|Any CPU = Release|Any CPU
	EndGlobalSection
	GlobalSection(ProjectConfigurationPlatforms) = postSolution
		{CDB05E10-6C6D-440D-9067-957BEFBD9B98}.Debug|Any CPU.ActiveCfg = Debug|Any CPU
		{CDB05E10-6C6D-440D-9067-957BEFBD9B98}.Debug|Any CPU.Build.0 = Debug|Any CPU
		{CDB05E10-6C6D-440D-9067-957BEFBD9B98}.Release|Any CPU.ActiveCfg = Release|Any CPU
		{CDB05E10-6C6D-440D-9067-957BEFBD9B98}.Release|Any CPU.Build.0 = Release|Any CPU
	EndGlobalSection
	GlobalSection(SolutionProperties) = preSolution
		HideSolutionNode = FALSE
	EndGlobalSection
	GlobalSection(ExtensibilityGlobals) = postSolution
		SolutionGuid = {F32D3147-3CC1-46F7-B50C-36BC53E403EE}
	EndGlobalSection
EndGlobal
