
Microsoft Visual Studio Solution File, Format Version 12.00
# Visual Studio Version 17
VisualStudioVersion = 17.14.36511.14 d17.14
MinimumVisualStudioVersion = 10.0.40219.1
Project("{FAE04EC0-301F-11D3-BF4B-00C04F79EFBC}") = "MonitAI.Core", "MonitAI.Core\MonitAI.Core.csproj", "{17F746F5-75EC-4E3A-B4A1-8490A6CB6AE2}"
EndProject
Project("{FAE04EC0-301F-11D3-BF4B-00C04F79EFBC}") = "MonitAI.UI", "MonitAI.UI\MonitAI.UI.csproj", "{A6194FC8-2F59-4177-B840-AA671793D760}"
EndProject
Project("{FAE04EC0-301F-11D3-BF4B-00C04F79EFBC}") = "MonitAI.Agent", "MonitAI.Agent\MonitAI.Agent.csproj", "{53D1AF43-2DEE-46AD-B27E-118E85D07377}"
EndProject
Global
	GlobalSection(SolutionConfigurationPlatforms) = preSolution
		Debug|Any CPU = Debug|Any CPU
		Release|Any CPU = Release|Any CPU
	EndGlobalSection
	GlobalSection(ProjectConfigurationPlatforms) = postSolution
		{17F746F5-75EC-4E3A-B4A1-8490A6CB6AE2}.Debug|Any CPU.ActiveCfg = Debug|Any CPU
		{17F746F5-75EC-4E3A-B4A1-8490A6CB6AE2}.Debug|Any CPU.Build.0 = Debug|Any CPU
		{17F746F5-75EC-4E3A-B4A1-8490A6CB6AE2}.Release|Any CPU.ActiveCfg = Release|Any CPU
		{17F746F5-75EC-4E3A-B4A1-8490A6CB6AE2}.Release|Any CPU.Build.0 = Release|Any CPU
		{A6194FC8-2F59-4177-B840-AA671793D760}.Debug|Any CPU.ActiveCfg = Debug|Any CPU
		{A6194FC8-2F59-4177-B840-AA671793D760}.Debug|Any CPU.Build.0 = Debug|Any CPU
		{A6194FC8-2F59-4177-B840-AA671793D760}.Release|Any CPU.ActiveCfg = Release|Any CPU
		{A6194FC8-2F59-4177-B840-AA671793D760}.Release|Any CPU.Build.0 = Release|Any CPU
		{53D1AF43-2DEE-46AD-B27E-118E85D07377}.Debug|Any CPU.ActiveCfg = Debug|Any CPU
		{53D1AF43-2DEE-46AD-B27E-118E85D07377}.Debug|Any CPU.Build.0 = Debug|Any CPU
		{53D1AF43-2DEE-46AD-B27E-118E85D07377}.Release|Any CPU.ActiveCfg = Release|Any CPU
		{53D1AF43-2DEE-46AD-B27E-118E85D07377}.Release|Any CPU.Build.0 = Release|Any CPU
	EndGlobalSection
	GlobalSection(SolutionProperties) = preSolution
		HideSolutionNode = FALSE
	EndGlobalSection
	GlobalSection(ExtensibilityGlobals) = postSolution
		SolutionGuid = {5676BE2B-368B-4EFC-A658-E48303277BD7}
	EndGlobalSection
EndGlobal
